
Microsoft Visual Studio Solution File, Format Version 12.00
# Visual Studio 14
VisualStudioVersion = 14.0.25420.1
MinimumVisualStudioVersion = 10.0.40219.1
Project("{FAE04EC0-301F-11D3-BF4B-00C04F79EFBC}") = "Windows Communication Foundation", "Windows Communication Foundation\Windows Communication Foundation.csproj", "{FAC7882F-1A09-4CEB-9808-AA05B4EC4094}"
EndProject
Project("{FAE04EC0-301F-11D3-BF4B-00C04F79EFBC}") = "WcfTranslationLibrary", "WcfTranslationLibrary\WcfTranslationLibrary.csproj", "{BCBCCF66-7E52-4737-B263-BA0AE24824DB}"
EndProject
Project("{FAE04EC0-301F-11D3-BF4B-00C04F79EFBC}") = "WindowsFormsApplication1", "WindowsFormsApplication1\WindowsFormsApplication1.csproj", "{A19FEEF6-D692-475D-9369-0A35BF0B6D3C}"
	ProjectSection(ProjectDependencies) = postProject
		{BCBCCF66-7E52-4737-B263-BA0AE24824DB} = {BCBCCF66-7E52-4737-B263-BA0AE24824DB}
	EndProjectSection
EndProject
Global
	GlobalSection(SolutionConfigurationPlatforms) = preSolution
		Debug|Any CPU = Debug|Any CPU
		Release|Any CPU = Release|Any CPU
	EndGlobalSection
	GlobalSection(ProjectConfigurationPlatforms) = postSolution
		{FAC7882F-1A09-4CEB-9808-AA05B4EC4094}.Debug|Any CPU.ActiveCfg = Debug|Any CPU
		{FAC7882F-1A09-4CEB-9808-AA05B4EC4094}.Debug|Any CPU.Build.0 = Debug|Any CPU
		{FAC7882F-1A09-4CEB-9808-AA05B4EC4094}.Release|Any CPU.ActiveCfg = Release|Any CPU
		{FAC7882F-1A09-4CEB-9808-AA05B4EC4094}.Release|Any CPU.Build.0 = Release|Any CPU
		{BCBCCF66-7E52-4737-B263-BA0AE24824DB}.Debug|Any CPU.ActiveCfg = Debug|Any CPU
		{BCBCCF66-7E52-4737-B263-BA0AE24824DB}.Debug|Any CPU.Build.0 = Debug|Any CPU
		{BCBCCF66-7E52-4737-B263-BA0AE24824DB}.Release|Any CPU.ActiveCfg = Release|Any CPU
		{BCBCCF66-7E52-4737-B263-BA0AE24824DB}.Release|Any CPU.Build.0 = Release|Any CPU
		{A19FEEF6-D692-475D-9369-0A35BF0B6D3C}.Debug|Any CPU.ActiveCfg = Debug|Any CPU
		{A19FEEF6-D692-475D-9369-0A35BF0B6D3C}.Debug|Any CPU.Build.0 = Debug|Any CPU
		{A19FEEF6-D692-475D-9369-0A35BF0B6D3C}.Release|Any CPU.ActiveCfg = Release|Any CPU
		{A19FEEF6-D692-475D-9369-0A35BF0B6D3C}.Release|Any CPU.Build.0 = Release|Any CPU
	EndGlobalSection
	GlobalSection(SolutionProperties) = preSolution
		HideSolutionNode = FALSE
	EndGlobalSection
EndGlobal
